// !$*UTF8*$!
{
	archiveVersion = 1;
	classes = {
	};
	objectVersion = 50;
	objects = {

/* Begin PBXBuildFile section */
		1100307722D83509009B3623 /* MessageUI.framework in Frameworks */ = {isa = PBXBuildFile; fileRef = 1100307622D83509009B3623 /* MessageUI.framework */; };
		1114794B22D65BD700A572E8 /* FormStep5ViewController.swift in Sources */ = {isa = PBXBuildFile; fileRef = 1114794A22D65BD700A572E8 /* FormStep5ViewController.swift */; };
		113049CA22D50A08009E1356 /* ContactsUI.framework in Frameworks */ = {isa = PBXBuildFile; fileRef = 113049C922D50A08009E1356 /* ContactsUI.framework */; };
		113049CC22D50A36009E1356 /* Contacts.framework in Frameworks */ = {isa = PBXBuildFile; fileRef = 113049CB22D50A36009E1356 /* Contacts.framework */; };
		1136511622D3D0BC007905E8 /* FormStep4ViewController.swift in Sources */ = {isa = PBXBuildFile; fileRef = 1136511522D3D0BC007905E8 /* FormStep4ViewController.swift */; };
		11772F4A22D2A93B00733201 /* FormStep3ViewController.swift in Sources */ = {isa = PBXBuildFile; fileRef = 11772F4922D2A93B00733201 /* FormStep3ViewController.swift */; };
		11989EFB22CC35F500545917 /* AppDelegate.swift in Sources */ = {isa = PBXBuildFile; fileRef = 11989EFA22CC35F500545917 /* AppDelegate.swift */; };
		11989F0022CC35F500545917 /* Main.storyboard in Resources */ = {isa = PBXBuildFile; fileRef = 11989EFE22CC35F500545917 /* Main.storyboard */; };
		11989F0222CC35F700545917 /* Assets.xcassets in Resources */ = {isa = PBXBuildFile; fileRef = 11989F0122CC35F700545917 /* Assets.xcassets */; };
		11989F0522CC35F700545917 /* LaunchScreen.storyboard in Resources */ = {isa = PBXBuildFile; fileRef = 11989F0322CC35F700545917 /* LaunchScreen.storyboard */; };
		11989F0D22CC64F000545917 /* FormStep1ViewController.swift in Sources */ = {isa = PBXBuildFile; fileRef = 11989F0C22CC64F000545917 /* FormStep1ViewController.swift */; };
		11989F0F22CC652C00545917 /* FormStep2ViewController.swift in Sources */ = {isa = PBXBuildFile; fileRef = 11989F0E22CC652C00545917 /* FormStep2ViewController.swift */; };
		11989F1122CC65A200545917 /* Event.swift in Sources */ = {isa = PBXBuildFile; fileRef = 11989F1022CC65A200545917 /* Event.swift */; };
		F812023875C73B5FE3134AB2 /* Pods_InstaGatherII.framework in Frameworks */ = {isa = PBXBuildFile; fileRef = 2F4F4B44BE2D714B87899DFD /* Pods_InstaGatherII.framework */; };
/* End PBXBuildFile section */

/* Begin PBXFileReference section */
		1100307622D83509009B3623 /* MessageUI.framework */ = {isa = PBXFileReference; lastKnownFileType = wrapper.framework; name = MessageUI.framework; path = System/Library/Frameworks/MessageUI.framework; sourceTree = SDKROOT; };
		1114794A22D65BD700A572E8 /* FormStep5ViewController.swift */ = {isa = PBXFileReference; lastKnownFileType = sourcecode.swift; path = FormStep5ViewController.swift; sourceTree = "<group>"; };
		113049C922D50A08009E1356 /* ContactsUI.framework */ = {isa = PBXFileReference; lastKnownFileType = wrapper.framework; name = ContactsUI.framework; path = System/Library/Frameworks/ContactsUI.framework; sourceTree = SDKROOT; };
		113049CB22D50A36009E1356 /* Contacts.framework */ = {isa = PBXFileReference; lastKnownFileType = wrapper.framework; name = Contacts.framework; path = System/Library/Frameworks/Contacts.framework; sourceTree = SDKROOT; };
		1136511522D3D0BC007905E8 /* FormStep4ViewController.swift */ = {isa = PBXFileReference; lastKnownFileType = sourcecode.swift; path = FormStep4ViewController.swift; sourceTree = "<group>"; };
		11772F4922D2A93B00733201 /* FormStep3ViewController.swift */ = {isa = PBXFileReference; lastKnownFileType = sourcecode.swift; path = FormStep3ViewController.swift; sourceTree = "<group>"; };
		11989EF722CC35F500545917 /* InstaGatherII.app */ = {isa = PBXFileReference; explicitFileType = wrapper.application; includeInIndex = 0; path = InstaGatherII.app; sourceTree = BUILT_PRODUCTS_DIR; };
		11989EFA22CC35F500545917 /* AppDelegate.swift */ = {isa = PBXFileReference; lastKnownFileType = sourcecode.swift; path = AppDelegate.swift; sourceTree = "<group>"; };
		11989EFF22CC35F500545917 /* Base */ = {isa = PBXFileReference; lastKnownFileType = file.storyboard; name = Base; path = Base.lproj/Main.storyboard; sourceTree = "<group>"; };
		11989F0122CC35F700545917 /* Assets.xcassets */ = {isa = PBXFileReference; lastKnownFileType = folder.assetcatalog; path = Assets.xcassets; sourceTree = "<group>"; };
		11989F0422CC35F700545917 /* Base */ = {isa = PBXFileReference; lastKnownFileType = file.storyboard; name = Base; path = Base.lproj/LaunchScreen.storyboard; sourceTree = "<group>"; };
		11989F0622CC35F700545917 /* Info.plist */ = {isa = PBXFileReference; lastKnownFileType = text.plist.xml; path = Info.plist; sourceTree = "<group>"; };
		11989F0C22CC64F000545917 /* FormStep1ViewController.swift */ = {isa = PBXFileReference; lastKnownFileType = sourcecode.swift; path = FormStep1ViewController.swift; sourceTree = "<group>"; };
		11989F0E22CC652C00545917 /* FormStep2ViewController.swift */ = {isa = PBXFileReference; lastKnownFileType = sourcecode.swift; path = FormStep2ViewController.swift; sourceTree = "<group>"; };
		11989F1022CC65A200545917 /* Event.swift */ = {isa = PBXFileReference; lastKnownFileType = sourcecode.swift; path = Event.swift; sourceTree = "<group>"; };
		2F4F4B44BE2D714B87899DFD /* Pods_InstaGatherII.framework */ = {isa = PBXFileReference; explicitFileType = wrapper.framework; includeInIndex = 0; path = Pods_InstaGatherII.framework; sourceTree = BUILT_PRODUCTS_DIR; };
		4642C3463994F07B9686F1EC /* Pods-InstaGatherII.debug.xcconfig */ = {isa = PBXFileReference; includeInIndex = 1; lastKnownFileType = text.xcconfig; name = "Pods-InstaGatherII.debug.xcconfig"; path = "Target Support Files/Pods-InstaGatherII/Pods-InstaGatherII.debug.xcconfig"; sourceTree = "<group>"; };
		EE4B2F87925040ABCE82FC01 /* Pods-InstaGatherII.release.xcconfig */ = {isa = PBXFileReference; includeInIndex = 1; lastKnownFileType = text.xcconfig; name = "Pods-InstaGatherII.release.xcconfig"; path = "Target Support Files/Pods-InstaGatherII/Pods-InstaGatherII.release.xcconfig"; sourceTree = "<group>"; };
/* End PBXFileReference section */

/* Begin PBXFrameworksBuildPhase section */
		11989EF422CC35F500545917 /* Frameworks */ = {
			isa = PBXFrameworksBuildPhase;
			buildActionMask = 2147483647;
			files = (
				1100307722D83509009B3623 /* MessageUI.framework in Frameworks */,
				113049CC22D50A36009E1356 /* Contacts.framework in Frameworks */,
				113049CA22D50A08009E1356 /* ContactsUI.framework in Frameworks */,
				F812023875C73B5FE3134AB2 /* Pods_InstaGatherII.framework in Frameworks */,
			);
			runOnlyForDeploymentPostprocessing = 0;
		};
/* End PBXFrameworksBuildPhase section */

/* Begin PBXGroup section */
		113049C822D50A07009E1356 /* Frameworks */ = {
			isa = PBXGroup;
			children = (
				1100307622D83509009B3623 /* MessageUI.framework */,
				113049CB22D50A36009E1356 /* Contacts.framework */,
				113049C922D50A08009E1356 /* ContactsUI.framework */,
				2F4F4B44BE2D714B87899DFD /* Pods_InstaGatherII.framework */,
			);
			name = Frameworks;
			sourceTree = "<group>";
		};
		11989EEE22CC35F500545917 = {
			isa = PBXGroup;
			children = (
				11989EF922CC35F500545917 /* InstaGatherII */,
				11989EF822CC35F500545917 /* Products */,
				113049C822D50A07009E1356 /* Frameworks */,
				665A58B9D948F27C1C7D3A5A /* Pods */,
			);
			sourceTree = "<group>";
		};
		11989EF822CC35F500545917 /* Products */ = {
			isa = PBXGroup;
			children = (
				11989EF722CC35F500545917 /* InstaGatherII.app */,
			);
			name = Products;
			sourceTree = "<group>";
		};
		11989EF922CC35F500545917 /* InstaGatherII */ = {
			isa = PBXGroup;
			children = (
				11989EFA22CC35F500545917 /* AppDelegate.swift */,
				11989EFE22CC35F500545917 /* Main.storyboard */,
				11989F0122CC35F700545917 /* Assets.xcassets */,
				11989F0322CC35F700545917 /* LaunchScreen.storyboard */,
				11989F0622CC35F700545917 /* Info.plist */,
				11989F0C22CC64F000545917 /* FormStep1ViewController.swift */,
				11989F0E22CC652C00545917 /* FormStep2ViewController.swift */,
				11989F1022CC65A200545917 /* Event.swift */,
				11772F4922D2A93B00733201 /* FormStep3ViewController.swift */,
				1136511522D3D0BC007905E8 /* FormStep4ViewController.swift */,
				1114794A22D65BD700A572E8 /* FormStep5ViewController.swift */,
			);
			path = InstaGatherII;
			sourceTree = "<group>";
		};
		665A58B9D948F27C1C7D3A5A /* Pods */ = {
			isa = PBXGroup;
			children = (
				4642C3463994F07B9686F1EC /* Pods-InstaGatherII.debug.xcconfig */,
				EE4B2F87925040ABCE82FC01 /* Pods-InstaGatherII.release.xcconfig */,
			);
			name = Pods;
			path = Pods;
			sourceTree = "<group>";
		};
/* End PBXGroup section */

/* Begin PBXNativeTarget section */
		11989EF622CC35F500545917 /* InstaGatherII */ = {
			isa = PBXNativeTarget;
			buildConfigurationList = 11989F0922CC35F700545917 /* Build configuration list for PBXNativeTarget "InstaGatherII" */;
			buildPhases = (
				5E2C17A3015E04D5CDBDFF05 /* [CP] Check Pods Manifest.lock */,
				11989EF322CC35F500545917 /* Sources */,
				11989EF422CC35F500545917 /* Frameworks */,
				11989EF522CC35F500545917 /* Resources */,
				0FA575C50C8698EFDFA49F4C /* [CP] Embed Pods Frameworks */,
			);
			buildRules = (
			);
			dependencies = (
			);
			name = InstaGatherII;
			productName = InstaGatherII;
			productReference = 11989EF722CC35F500545917 /* InstaGatherII.app */;
			productType = "com.apple.product-type.application";
		};
/* End PBXNativeTarget section */

/* Begin PBXProject section */
		11989EEF22CC35F500545917 /* Project object */ = {
			isa = PBXProject;
			attributes = {
				LastSwiftUpdateCheck = 1020;
				LastUpgradeCheck = 1020;
				ORGANIZATIONNAME = "Carla Bosco";
				TargetAttributes = {
					11989EF622CC35F500545917 = {
						CreatedOnToolsVersion = 10.2.1;
					};
				};
			};
			buildConfigurationList = 11989EF222CC35F500545917 /* Build configuration list for PBXProject "InstaGatherII" */;
			compatibilityVersion = "Xcode 9.3";
			developmentRegion = en;
			hasScannedForEncodings = 0;
			knownRegions = (
				en,
				Base,
			);
			mainGroup = 11989EEE22CC35F500545917;
			productRefGroup = 11989EF822CC35F500545917 /* Products */;
			projectDirPath = "";
			projectRoot = "";
			targets = (
				11989EF622CC35F500545917 /* InstaGatherII */,
			);
		};
/* End PBXProject section */

/* Begin PBXResourcesBuildPhase section */
		11989EF522CC35F500545917 /* Resources */ = {
			isa = PBXResourcesBuildPhase;
			buildActionMask = 2147483647;
			files = (
				11989F0522CC35F700545917 /* LaunchScreen.storyboard in Resources */,
				11989F0222CC35F700545917 /* Assets.xcassets in Resources */,
				11989F0022CC35F500545917 /* Main.storyboard in Resources */,
			);
			runOnlyForDeploymentPostprocessing = 0;
		};
/* End PBXResourcesBuildPhase section */

/* Begin PBXShellScriptBuildPhase section */
		0FA575C50C8698EFDFA49F4C /* [CP] Embed Pods Frameworks */ = {
			isa = PBXShellScriptBuildPhase;
			buildActionMask = 2147483647;
			files = (
			);
			inputFileListPaths = (
				"${PODS_ROOT}/Target Support Files/Pods-InstaGatherII/Pods-InstaGatherII-frameworks-${CONFIGURATION}-input-files.xcfilelist",
			);
			name = "[CP] Embed Pods Frameworks";
			outputFileListPaths = (
				"${PODS_ROOT}/Target Support Files/Pods-InstaGatherII/Pods-InstaGatherII-frameworks-${CONFIGURATION}-output-files.xcfilelist",
			);
			runOnlyForDeploymentPostprocessing = 0;
			shellPath = /bin/sh;
			shellScript = "\"${PODS_ROOT}/Target Support Files/Pods-InstaGatherII/Pods-InstaGatherII-frameworks.sh\"\n";
			showEnvVarsInLog = 0;
		};
		5E2C17A3015E04D5CDBDFF05 /* [CP] Check Pods Manifest.lock */ = {
			isa = PBXShellScriptBuildPhase;
			buildActionMask = 2147483647;
			files = (
			);
			inputFileListPaths = (
			);
			inputPaths = (
				"${PODS_PODFILE_DIR_PATH}/Podfile.lock",
				"${PODS_ROOT}/Manifest.lock",
			);
			name = "[CP] Check Pods Manifest.lock";
			outputFileListPaths = (
			);
			outputPaths = (
				"$(DERIVED_FILE_DIR)/Pods-InstaGatherII-checkManifestLockResult.txt",
			);
			runOnlyForDeploymentPostprocessing = 0;
			shellPath = /bin/sh;
			shellScript = "diff \"${PODS_PODFILE_DIR_PATH}/Podfile.lock\" \"${PODS_ROOT}/Manifest.lock\" > /dev/null\nif [ $? != 0 ] ; then\n    # print error to STDERR\n    echo \"error: The sandbox is not in sync with the Podfile.lock. Run 'pod install' or update your CocoaPods installation.\" >&2\n    exit 1\nfi\n# This output is used by Xcode 'outputs' to avoid re-running this script phase.\necho \"SUCCESS\" > \"${SCRIPT_OUTPUT_FILE_0}\"\n";
			showEnvVarsInLog = 0;
		};
/* End PBXShellScriptBuildPhase section */

/* Begin PBXSourcesBuildPhase section */
		11989EF322CC35F500545917 /* Sources */ = {
			isa = PBXSourcesBuildPhase;
			buildActionMask = 2147483647;
			files = (
				11989F1122CC65A200545917 /* Event.swift in Sources */,
				1114794B22D65BD700A572E8 /* FormStep5ViewController.swift in Sources */,
				1136511622D3D0BC007905E8 /* FormStep4ViewController.swift in Sources */,
				11989F0D22CC64F000545917 /* FormStep1ViewController.swift in Sources */,
				11772F4A22D2A93B00733201 /* FormStep3ViewController.swift in Sources */,
				11989EFB22CC35F500545917 /* AppDelegate.swift in Sources */,
				11989F0F22CC652C00545917 /* FormStep2ViewController.swift in Sources */,
			);
			runOnlyForDeploymentPostprocessing = 0;
		};
/* End PBXSourcesBuildPhase section */

/* Begin PBXVariantGroup section */
		11989EFE22CC35F500545917 /* Main.storyboard */ = {
			isa = PBXVariantGroup;
			children = (
				11989EFF22CC35F500545917 /* Base */,
			);
			name = Main.storyboard;
			sourceTree = "<group>";
		};
		11989F0322CC35F700545917 /* LaunchScreen.storyboard */ = {
			isa = PBXVariantGroup;
			children = (
				11989F0422CC35F700545917 /* Base */,
			);
			name = LaunchScreen.storyboard;
			sourceTree = "<group>";
		};
/* End PBXVariantGroup section */

/* Begin XCBuildConfiguration section */
		11989F0722CC35F700545917 /* Debug */ = {
			isa = XCBuildConfiguration;
			buildSettings = {
				ALWAYS_SEARCH_USER_PATHS = NO;
				CLANG_ANALYZER_NONNULL = YES;
				CLANG_ANALYZER_NUMBER_OBJECT_CONVERSION = YES_AGGRESSIVE;
				CLANG_CXX_LANGUAGE_STANDARD = "gnu++14";
				CLANG_CXX_LIBRARY = "libc++";
				CLANG_ENABLE_MODULES = YES;
				CLANG_ENABLE_OBJC_ARC = YES;
				CLANG_ENABLE_OBJC_WEAK = YES;
				CLANG_WARN_BLOCK_CAPTURE_AUTORELEASING = YES;
				CLANG_WARN_BOOL_CONVERSION = YES;
				CLANG_WARN_COMMA = YES;
				CLANG_WARN_CONSTANT_CONVERSION = YES;
				CLANG_WARN_DEPRECATED_OBJC_IMPLEMENTATIONS = YES;
				CLANG_WARN_DIRECT_OBJC_ISA_USAGE = YES_ERROR;
				CLANG_WARN_DOCUMENTATION_COMMENTS = YES;
				CLANG_WARN_EMPTY_BODY = YES;
				CLANG_WARN_ENUM_CONVERSION = YES;
				CLANG_WARN_INFINITE_RECURSION = YES;
				CLANG_WARN_INT_CONVERSION = YES;
				CLANG_WARN_NON_LITERAL_NULL_CONVERSION = YES;
				CLANG_WARN_OBJC_IMPLICIT_RETAIN_SELF = YES;
				CLANG_WARN_OBJC_LITERAL_CONVERSION = YES;
				CLANG_WARN_OBJC_ROOT_CLASS = YES_ERROR;
				CLANG_WARN_RANGE_LOOP_ANALYSIS = YES;
				CLANG_WARN_STRICT_PROTOTYPES = YES;
				CLANG_WARN_SUSPICIOUS_MOVE = YES;
				CLANG_WARN_UNGUARDED_AVAILABILITY = YES_AGGRESSIVE;
				CLANG_WARN_UNREACHABLE_CODE = YES;
				CLANG_WARN__DUPLICATE_METHOD_MATCH = YES;
				CODE_SIGN_IDENTITY = "iPhone Developer";
				COPY_PHASE_STRIP = NO;
				DEBUG_INFORMATION_FORMAT = dwarf;
				ENABLE_STRICT_OBJC_MSGSEND = YES;
				ENABLE_TESTABILITY = YES;
				GCC_C_LANGUAGE_STANDARD = gnu11;
				GCC_DYNAMIC_NO_PIC = NO;
				GCC_NO_COMMON_BLOCKS = YES;
				GCC_OPTIMIZATION_LEVEL = 0;
				GCC_PREPROCESSOR_DEFINITIONS = (
					"DEBUG=1",
					"$(inherited)",
				);
				GCC_WARN_64_TO_32_BIT_CONVERSION = YES;
				GCC_WARN_ABOUT_RETURN_TYPE = YES_ERROR;
				GCC_WARN_UNDECLARED_SELECTOR = YES;
				GCC_WARN_UNINITIALIZED_AUTOS = YES_AGGRESSIVE;
				GCC_WARN_UNUSED_FUNCTION = YES;
				GCC_WARN_UNUSED_VARIABLE = YES;
				IPHONEOS_DEPLOYMENT_TARGET = 12.2;
				MTL_ENABLE_DEBUG_INFO = INCLUDE_SOURCE;
				MTL_FAST_MATH = YES;
				ONLY_ACTIVE_ARCH = YES;
				SDKROOT = iphoneos;
				SWIFT_ACTIVE_COMPILATION_CONDITIONS = DEBUG;
				SWIFT_OPTIMIZATION_LEVEL = "-Onone";
			};
			name = Debug;
		};
		11989F0822CC35F700545917 /* Release */ = {
			isa = XCBuildConfiguration;
			buildSettings = {
				ALWAYS_SEARCH_USER_PATHS = NO;
				CLANG_ANALYZER_NONNULL = YES;
				CLANG_ANALYZER_NUMBER_OBJECT_CONVERSION = YES_AGGRESSIVE;
				CLANG_CXX_LANGUAGE_STANDARD = "gnu++14";
				CLANG_CXX_LIBRARY = "libc++";
				CLANG_ENABLE_MODULES = YES;
				CLANG_ENABLE_OBJC_ARC = YES;
				CLANG_ENABLE_OBJC_WEAK = YES;
				CLANG_WARN_BLOCK_CAPTURE_AUTORELEASING = YES;
				CLANG_WARN_BOOL_CONVERSION = YES;
				CLANG_WARN_COMMA = YES;
				CLANG_WARN_CONSTANT_CONVERSION = YES;
				CLANG_WARN_DEPRECATED_OBJC_IMPLEMENTATIONS = YES;
				CLANG_WARN_DIRECT_OBJC_ISA_USAGE = YES_ERROR;
				CLANG_WARN_DOCUMENTATION_COMMENTS = YES;
				CLANG_WARN_EMPTY_BODY = YES;
				CLANG_WARN_ENUM_CONVERSION = YES;
				CLANG_WARN_INFINITE_RECURSION = YES;
				CLANG_WARN_INT_CONVERSION = YES;
				CLANG_WARN_NON_LITERAL_NULL_CONVERSION = YES;
				CLANG_WARN_OBJC_IMPLICIT_RETAIN_SELF = YES;
				CLANG_WARN_OBJC_LITERAL_CONVERSION = YES;
				CLANG_WARN_OBJC_ROOT_CLASS = YES_ERROR;
				CLANG_WARN_RANGE_LOOP_ANALYSIS = YES;
				CLANG_WARN_STRICT_PROTOTYPES = YES;
				CLANG_WARN_SUSPICIOUS_MOVE = YES;
				CLANG_WARN_UNGUARDED_AVAILABILITY = YES_AGGRESSIVE;
				CLANG_WARN_UNREACHABLE_CODE = YES;
				CLANG_WARN__DUPLICATE_METHOD_MATCH = YES;
				CODE_SIGN_IDENTITY = "iPhone Developer";
				COPY_PHASE_STRIP = NO;
				DEBUG_INFORMATION_FORMAT = "dwarf-with-dsym";
				ENABLE_NS_ASSERTIONS = NO;
				ENABLE_STRICT_OBJC_MSGSEND = YES;
				GCC_C_LANGUAGE_STANDARD = gnu11;
				GCC_NO_COMMON_BLOCKS = YES;
				GCC_WARN_64_TO_32_BIT_CONVERSION = YES;
				GCC_WARN_ABOUT_RETURN_TYPE = YES_ERROR;
				GCC_WARN_UNDECLARED_SELECTOR = YES;
				GCC_WARN_UNINITIALIZED_AUTOS = YES_AGGRESSIVE;
				GCC_WARN_UNUSED_FUNCTION = YES;
				GCC_WARN_UNUSED_VARIABLE = YES;
				IPHONEOS_DEPLOYMENT_TARGET = 12.2;
				MTL_ENABLE_DEBUG_INFO = NO;
				MTL_FAST_MATH = YES;
				SDKROOT = iphoneos;
				SWIFT_COMPILATION_MODE = wholemodule;
				SWIFT_OPTIMIZATION_LEVEL = "-O";
				VALIDATE_PRODUCT = YES;
			};
			name = Release;
		};
		11989F0A22CC35F700545917 /* Debug */ = {
			isa = XCBuildConfiguration;
			baseConfigurationReference = 4642C3463994F07B9686F1EC /* Pods-InstaGatherII.debug.xcconfig */;
			buildSettings = {
				ASSETCATALOG_COMPILER_APPICON_NAME = AppIcon;
				CODE_SIGN_STYLE = Automatic;
				DEVELOPMENT_TEAM = 89Z57A9UCR;
				INFOPLIST_FILE = InstaGatherII/Info.plist;
				LD_RUNPATH_SEARCH_PATHS = (
					"$(inherited)",
					"@executable_path/Frameworks",
				);
				PRODUCT_BUNDLE_IDENTIFIER = com.InstaGather.InstaGatherII;
				PRODUCT_NAME = "$(TARGET_NAME)";
				SWIFT_VERSION = 5.0;
				TARGETED_DEVICE_FAMILY = "1,2";
			};
			name = Debug;
		};
		11989F0B22CC35F700545917 /* Release */ = {
			isa = XCBuildConfiguration;
			baseConfigurationReference = EE4B2F87925040ABCE82FC01 /* Pods-InstaGatherII.release.xcconfig */;
			buildSettings = {
				ASSETCATALOG_COMPILER_APPICON_NAME = AppIcon;
				CODE_SIGN_STYLE = Automatic;
				DEVELOPMENT_TEAM = 89Z57A9UCR;
				INFOPLIST_FILE = InstaGatherII/Info.plist;
				LD_RUNPATH_SEARCH_PATHS = (
					"$(inherited)",
					"@executable_path/Frameworks",
				);
				PRODUCT_BUNDLE_IDENTIFIER = com.InstaGather.InstaGatherII;
				PRODUCT_NAME = "$(TARGET_NAME)";
				SWIFT_VERSION = 5.0;
				TARGETED_DEVICE_FAMILY = "1,2";
			};
			name = Release;
		};
/* End XCBuildConfiguration section */

/* Begin XCConfigurationList section */
		11989EF222CC35F500545917 /* Build configuration list for PBXProject "InstaGatherII" */ = {
			isa = XCConfigurationList;
			buildConfigurations = (
				11989F0722CC35F700545917 /* Debug */,
				11989F0822CC35F700545917 /* Release */,
			);
			defaultConfigurationIsVisible = 0;
			defaultConfigurationName = Release;
		};
		11989F0922CC35F700545917 /* Build configuration list for PBXNativeTarget "InstaGatherII" */ = {
			isa = XCConfigurationList;
			buildConfigurations = (
				11989F0A22CC35F700545917 /* Debug */,
				11989F0B22CC35F700545917 /* Release */,
			);
			defaultConfigurationIsVisible = 0;
			defaultConfigurationName = Release;
		};
/* End XCConfigurationList section */
	};
	rootObject = 11989EEF22CC35F500545917 /* Project object */;
}
